{
  "object": {
    "pins": [
      {
        "package": "FWFramework",
        "repositoryURL": "https://github.com/lszzy/FWFramework.git",
        "state": {
          "branch": null,
          "revision": "0516668889a948934066fc6f3f5c85238ce5153f",
          "version": "3.2.0"
        }
      },
      {
        "package": "SDWebImage",
        "repositoryURL": "https://github.com/SDWebImage/SDWebImage.git",
        "state": {
          "branch": null,
          "revision": "2e63d0061da449ad0ed130768d05dceb1496de44",
          "version": "5.12.5"
        }
      }
    ]
  },
  "version": 1
}
