{
  "object": {
    "pins": [
      {
        "package": "FWFramework",
        "repositoryURL": "https://github.com/lszzy/FWFramework.git",
        "state": {
          "branch": null,
          "revision": "3872e82c040189c9e379f4078d13d2cd85dcd6b6",
          "version": "3.3.1"
        }
      },
      {
        "package": "SDWebImage",
        "repositoryURL": "https://github.com/SDWebImage/SDWebImage.git",
        "state": {
          "branch": null,
          "revision": "2e63d0061da449ad0ed130768d05dceb1496de44",
          "version": "5.12.5"
        }
      }
    ]
  },
  "version": 1
}
