{
  "object": {
    "pins": [
      {
        "package": "FWFramework",
        "repositoryURL": "https://github.com/lszzy/FWFramework.git",
        "state": {
          "branch": null,
          "revision": "534eaa8a3d9421f9bb18bea03b50aacd20701a27",
          "version": "3.6.0"
        }
      },
      {
        "package": "SDWebImage",
        "repositoryURL": "https://github.com/SDWebImage/SDWebImage.git",
        "state": {
          "branch": null,
          "revision": "2e63d0061da449ad0ed130768d05dceb1496de44",
          "version": "5.12.5"
        }
      }
    ]
  },
  "version": 1
}
